
Microsoft Visual Studio Solution File, Format Version 12.00
# Visual Studio Version 17
VisualStudioVersion = 17.0.32014.148
MinimumVisualStudioVersion = 10.0.40219.1
Project("{FAE04EC0-301F-11D3-BF4B-00C04F79EFBC}") = "SpecificationsTesting", "SpecificationsTesting\SpecificationsTesting.csproj", "{E8966E94-DC25-48D0-B311-278EC67E384B}"
EndProject
Project("{FAE04EC0-301F-11D3-BF4B-00C04F79EFBC}") = "EntityFrameworkModel", "EntityFrameworkModel\EntityFrameworkModel.csproj", "{B8A94058-37F0-4EF9-B928-56B24488F6EE}"
EndProject
Project("{9A19103F-16F7-4668-BE54-9A1E7A4F7556}") = "SpecificationsTesting.UnitTests", "SpecificationsTesting.UnitTests\SpecificationsTesting.UnitTests.csproj", "{F97941BA-E062-4419-908B-4534B0178421}"
EndProject
Project("{9A19103F-16F7-4668-BE54-9A1E7A4F7556}") = "EntityFrameworkModelV2", "EntityFrameworkModelV2\EntityFrameworkModelV2.csproj", "{A560A472-8361-41E5-9201-9253957F5FC3}"
EndProject
Project("{FAE04EC0-301F-11D3-BF4B-00C04F79EFBC}") = "SpecificationsTestingV2", "SpecificationsTestingV2\SpecificationsTestingV2.csproj", "{2F056A92-38A8-4D89-9991-89F1CC7DE8E3}"
EndProject
Global
	GlobalSection(SolutionConfigurationPlatforms) = preSolution
		Debug|Any CPU = Debug|Any CPU
		Debug|x64 = Debug|x64
		Release|Any CPU = Release|Any CPU
		Release|x64 = Release|x64
	EndGlobalSection
	GlobalSection(ProjectConfigurationPlatforms) = postSolution
		{E8966E94-DC25-48D0-B311-278EC67E384B}.Debug|Any CPU.ActiveCfg = Debug|Any CPU
		{E8966E94-DC25-48D0-B311-278EC67E384B}.Debug|Any CPU.Build.0 = Debug|Any CPU
		{E8966E94-DC25-48D0-B311-278EC67E384B}.Debug|x64.ActiveCfg = Debug|x64
		{E8966E94-DC25-48D0-B311-278EC67E384B}.Debug|x64.Build.0 = Debug|x64
		{E8966E94-DC25-48D0-B311-278EC67E384B}.Release|Any CPU.ActiveCfg = Release|Any CPU
		{E8966E94-DC25-48D0-B311-278EC67E384B}.Release|Any CPU.Build.0 = Release|Any CPU
		{E8966E94-DC25-48D0-B311-278EC67E384B}.Release|x64.ActiveCfg = Release|x64
		{E8966E94-DC25-48D0-B311-278EC67E384B}.Release|x64.Build.0 = Release|x64
		{B8A94058-37F0-4EF9-B928-56B24488F6EE}.Debug|Any CPU.ActiveCfg = Debug|Any CPU
		{B8A94058-37F0-4EF9-B928-56B24488F6EE}.Debug|Any CPU.Build.0 = Debug|Any CPU
		{B8A94058-37F0-4EF9-B928-56B24488F6EE}.Debug|x64.ActiveCfg = Debug|x64
		{B8A94058-37F0-4EF9-B928-56B24488F6EE}.Debug|x64.Build.0 = Debug|x64
		{B8A94058-37F0-4EF9-B928-56B24488F6EE}.Release|Any CPU.ActiveCfg = Release|Any CPU
		{B8A94058-37F0-4EF9-B928-56B24488F6EE}.Release|Any CPU.Build.0 = Release|Any CPU
		{B8A94058-37F0-4EF9-B928-56B24488F6EE}.Release|x64.ActiveCfg = Release|x64
		{B8A94058-37F0-4EF9-B928-56B24488F6EE}.Release|x64.Build.0 = Release|x64
		{F97941BA-E062-4419-908B-4534B0178421}.Debug|Any CPU.ActiveCfg = Debug|Any CPU
		{F97941BA-E062-4419-908B-4534B0178421}.Debug|Any CPU.Build.0 = Debug|Any CPU
		{F97941BA-E062-4419-908B-4534B0178421}.Debug|x64.ActiveCfg = Debug|Any CPU
		{F97941BA-E062-4419-908B-4534B0178421}.Debug|x64.Build.0 = Debug|Any CPU
		{F97941BA-E062-4419-908B-4534B0178421}.Release|Any CPU.ActiveCfg = Release|Any CPU
		{F97941BA-E062-4419-908B-4534B0178421}.Release|Any CPU.Build.0 = Release|Any CPU
		{F97941BA-E062-4419-908B-4534B0178421}.Release|x64.ActiveCfg = Release|Any CPU
		{F97941BA-E062-4419-908B-4534B0178421}.Release|x64.Build.0 = Release|Any CPU
		{A560A472-8361-41E5-9201-9253957F5FC3}.Debug|Any CPU.ActiveCfg = Debug|Any CPU
		{A560A472-8361-41E5-9201-9253957F5FC3}.Debug|Any CPU.Build.0 = Debug|Any CPU
		{A560A472-8361-41E5-9201-9253957F5FC3}.Debug|x64.ActiveCfg = Debug|Any CPU
		{A560A472-8361-41E5-9201-9253957F5FC3}.Debug|x64.Build.0 = Debug|Any CPU
		{A560A472-8361-41E5-9201-9253957F5FC3}.Release|Any CPU.ActiveCfg = Release|Any CPU
		{A560A472-8361-41E5-9201-9253957F5FC3}.Release|Any CPU.Build.0 = Release|Any CPU
		{A560A472-8361-41E5-9201-9253957F5FC3}.Release|x64.ActiveCfg = Release|Any CPU
		{A560A472-8361-41E5-9201-9253957F5FC3}.Release|x64.Build.0 = Release|Any CPU
		{2F056A92-38A8-4D89-9991-89F1CC7DE8E3}.Debug|Any CPU.ActiveCfg = Debug|Any CPU
		{2F056A92-38A8-4D89-9991-89F1CC7DE8E3}.Debug|Any CPU.Build.0 = Debug|Any CPU
		{2F056A92-38A8-4D89-9991-89F1CC7DE8E3}.Debug|x64.ActiveCfg = Debug|Any CPU
		{2F056A92-38A8-4D89-9991-89F1CC7DE8E3}.Debug|x64.Build.0 = Debug|Any CPU
		{2F056A92-38A8-4D89-9991-89F1CC7DE8E3}.Release|Any CPU.ActiveCfg = Release|Any CPU
		{2F056A92-38A8-4D89-9991-89F1CC7DE8E3}.Release|Any CPU.Build.0 = Release|Any CPU
		{2F056A92-38A8-4D89-9991-89F1CC7DE8E3}.Release|x64.ActiveCfg = Release|Any CPU
		{2F056A92-38A8-4D89-9991-89F1CC7DE8E3}.Release|x64.Build.0 = Release|Any CPU
	EndGlobalSection
	GlobalSection(SolutionProperties) = preSolution
		HideSolutionNode = FALSE
	EndGlobalSection
	GlobalSection(ExtensibilityGlobals) = postSolution
		SolutionGuid = {81B3631F-A8FA-4E8D-BACE-CADE671CDBCC}
	EndGlobalSection
EndGlobal
